
Microsoft Visual Studio Solution File, Format Version 12.00
# Visual Studio Version 17
VisualStudioVersion = 17.0.32014.148
MinimumVisualStudioVersion = 10.0.40219.1
Project("{FAE04EC0-301F-11D3-BF4B-00C04F79EFBC}") = "outputs string 10 times (2)", "outputs string 10 times (2)\outputs string 10 times (2).csproj", "{6FBD0FBD-FF26-47BB-92F2-E0C1E237459A}"
EndProject
Global
	GlobalSection(SolutionConfigurationPlatforms) = preSolution
		Debug|Any CPU = Debug|Any CPU
		Release|Any CPU = Release|Any CPU
	EndGlobalSection
	GlobalSection(ProjectConfigurationPlatforms) = postSolution
		{6FBD0FBD-FF26-47BB-92F2-E0C1E237459A}.Debug|Any CPU.ActiveCfg = Debug|Any CPU
		{6FBD0FBD-FF26-47BB-92F2-E0C1E237459A}.Debug|Any CPU.Build.0 = Debug|Any CPU
		{6FBD0FBD-FF26-47BB-92F2-E0C1E237459A}.Release|Any CPU.ActiveCfg = Release|Any CPU
		{6FBD0FBD-FF26-47BB-92F2-E0C1E237459A}.Release|Any CPU.Build.0 = Release|Any CPU
	EndGlobalSection
	GlobalSection(SolutionProperties) = preSolution
		HideSolutionNode = FALSE
	EndGlobalSection
	GlobalSection(ExtensibilityGlobals) = postSolution
		SolutionGuid = {17AB6D8D-68A4-42E6-8AB5-F5F9887C179D}
	EndGlobalSection
EndGlobal
