
Microsoft Visual Studio Solution File, Format Version 12.00
# Visual Studio Version 16
VisualStudioVersion = 16.0.31424.327
MinimumVisualStudioVersion = 10.0.40219.1
Project("{FAE04EC0-301F-11D3-BF4B-00C04F79EFBC}") = "Guess the number problem", "Guess the number problem\Guess the number problem.csproj", "{8D1909A3-3A26-458F-BED9-542A5E8230BA}"
EndProject
Global
	GlobalSection(SolutionConfigurationPlatforms) = preSolution
		Debug|Any CPU = Debug|Any CPU
		Release|Any CPU = Release|Any CPU
	EndGlobalSection
	GlobalSection(ProjectConfigurationPlatforms) = postSolution
		{8D1909A3-3A26-458F-BED9-542A5E8230BA}.Debug|Any CPU.ActiveCfg = Debug|Any CPU
		{8D1909A3-3A26-458F-BED9-542A5E8230BA}.Debug|Any CPU.Build.0 = Debug|Any CPU
		{8D1909A3-3A26-458F-BED9-542A5E8230BA}.Release|Any CPU.ActiveCfg = Release|Any CPU
		{8D1909A3-3A26-458F-BED9-542A5E8230BA}.Release|Any CPU.Build.0 = Release|Any CPU
	EndGlobalSection
	GlobalSection(SolutionProperties) = preSolution
		HideSolutionNode = FALSE
	EndGlobalSection
	GlobalSection(ExtensibilityGlobals) = postSolution
		SolutionGuid = {E287F6CB-8C1F-4DDD-9E3F-6DC823D1BF38}
	EndGlobalSection
EndGlobal
