
Microsoft Visual Studio Solution File, Format Version 12.00
# Visual Studio Version 16
VisualStudioVersion = 16.0.31702.278
MinimumVisualStudioVersion = 10.0.40219.1
Project("{FAE04EC0-301F-11D3-BF4B-00C04F79EFBC}") = "fish tank volume problem", "fish tank volume problem\fish tank volume problem.csproj", "{B4AF5A8B-7B10-42F1-AEF1-54526AFEDD97}"
EndProject
Global
	GlobalSection(SolutionConfigurationPlatforms) = preSolution
		Debug|Any CPU = Debug|Any CPU
		Release|Any CPU = Release|Any CPU
	EndGlobalSection
	GlobalSection(ProjectConfigurationPlatforms) = postSolution
		{B4AF5A8B-7B10-42F1-AEF1-54526AFEDD97}.Debug|Any CPU.ActiveCfg = Debug|Any CPU
		{B4AF5A8B-7B10-42F1-AEF1-54526AFEDD97}.Debug|Any CPU.Build.0 = Debug|Any CPU
		{B4AF5A8B-7B10-42F1-AEF1-54526AFEDD97}.Release|Any CPU.ActiveCfg = Release|Any CPU
		{B4AF5A8B-7B10-42F1-AEF1-54526AFEDD97}.Release|Any CPU.Build.0 = Release|Any CPU
	EndGlobalSection
	GlobalSection(SolutionProperties) = preSolution
		HideSolutionNode = FALSE
	EndGlobalSection
	GlobalSection(ExtensibilityGlobals) = postSolution
		SolutionGuid = {24E10545-657B-400B-BD3E-AB88048BE32D}
	EndGlobalSection
EndGlobal
