
Microsoft Visual Studio Solution File, Format Version 12.00
# Visual Studio Version 17
VisualStudioVersion = 17.0.32014.148
MinimumVisualStudioVersion = 10.0.40219.1
Project("{FAE04EC0-301F-11D3-BF4B-00C04F79EFBC}") = "calculates least common denominator", "calculates least common denominator\calculates least common denominator.csproj", "{83FDEAA2-C266-4C9D-889E-B82B27F1B3B2}"
EndProject
Global
	GlobalSection(SolutionConfigurationPlatforms) = preSolution
		Debug|Any CPU = Debug|Any CPU
		Release|Any CPU = Release|Any CPU
	EndGlobalSection
	GlobalSection(ProjectConfigurationPlatforms) = postSolution
		{83FDEAA2-C266-4C9D-889E-B82B27F1B3B2}.Debug|Any CPU.ActiveCfg = Debug|Any CPU
		{83FDEAA2-C266-4C9D-889E-B82B27F1B3B2}.Debug|Any CPU.Build.0 = Debug|Any CPU
		{83FDEAA2-C266-4C9D-889E-B82B27F1B3B2}.Release|Any CPU.ActiveCfg = Release|Any CPU
		{83FDEAA2-C266-4C9D-889E-B82B27F1B3B2}.Release|Any CPU.Build.0 = Release|Any CPU
	EndGlobalSection
	GlobalSection(SolutionProperties) = preSolution
		HideSolutionNode = FALSE
	EndGlobalSection
	GlobalSection(ExtensibilityGlobals) = postSolution
		SolutionGuid = {AAFC5F6F-CAE2-40AD-B00E-8B72DCF49803}
	EndGlobalSection
EndGlobal
