
Microsoft Visual Studio Solution File, Format Version 12.00
# Visual Studio Version 16
VisualStudioVersion = 16.0.31424.327
MinimumVisualStudioVersion = 10.0.40219.1
Project("{FAE04EC0-301F-11D3-BF4B-00C04F79EFBC}") = "driving test problem", "driving test problem\driving test problem.csproj", "{807ED233-B29A-4719-9CEB-CBC4A8000C39}"
EndProject
Global
	GlobalSection(SolutionConfigurationPlatforms) = preSolution
		Debug|Any CPU = Debug|Any CPU
		Release|Any CPU = Release|Any CPU
	EndGlobalSection
	GlobalSection(ProjectConfigurationPlatforms) = postSolution
		{807ED233-B29A-4719-9CEB-CBC4A8000C39}.Debug|Any CPU.ActiveCfg = Debug|Any CPU
		{807ED233-B29A-4719-9CEB-CBC4A8000C39}.Debug|Any CPU.Build.0 = Debug|Any CPU
		{807ED233-B29A-4719-9CEB-CBC4A8000C39}.Release|Any CPU.ActiveCfg = Release|Any CPU
		{807ED233-B29A-4719-9CEB-CBC4A8000C39}.Release|Any CPU.Build.0 = Release|Any CPU
	EndGlobalSection
	GlobalSection(SolutionProperties) = preSolution
		HideSolutionNode = FALSE
	EndGlobalSection
	GlobalSection(ExtensibilityGlobals) = postSolution
		SolutionGuid = {70ABD3ED-627B-448E-9EF2-0E89D68B01A1}
	EndGlobalSection
EndGlobal
