
Microsoft Visual Studio Solution File, Format Version 12.00
# Visual Studio Version 17
VisualStudioVersion = 17.0.32014.148
MinimumVisualStudioVersion = 10.0.40219.1
Project("{FAE04EC0-301F-11D3-BF4B-00C04F79EFBC}") = "factorial problem", "factorial problem\factorial problem.csproj", "{C33AA2DA-60D0-4F2B-A104-D1FA913371BD}"
EndProject
Global
	GlobalSection(SolutionConfigurationPlatforms) = preSolution
		Debug|Any CPU = Debug|Any CPU
		Release|Any CPU = Release|Any CPU
	EndGlobalSection
	GlobalSection(ProjectConfigurationPlatforms) = postSolution
		{C33AA2DA-60D0-4F2B-A104-D1FA913371BD}.Debug|Any CPU.ActiveCfg = Debug|Any CPU
		{C33AA2DA-60D0-4F2B-A104-D1FA913371BD}.Debug|Any CPU.Build.0 = Debug|Any CPU
		{C33AA2DA-60D0-4F2B-A104-D1FA913371BD}.Release|Any CPU.ActiveCfg = Release|Any CPU
		{C33AA2DA-60D0-4F2B-A104-D1FA913371BD}.Release|Any CPU.Build.0 = Release|Any CPU
	EndGlobalSection
	GlobalSection(SolutionProperties) = preSolution
		HideSolutionNode = FALSE
	EndGlobalSection
	GlobalSection(ExtensibilityGlobals) = postSolution
		SolutionGuid = {D3EF0A4F-DFF7-423C-84B9-578F06BC894B}
	EndGlobalSection
EndGlobal
