
Microsoft Visual Studio Solution File, Format Version 12.00
# Visual Studio Version 16
VisualStudioVersion = 16.0.31424.327
MinimumVisualStudioVersion = 10.0.40219.1
Project("{FAE04EC0-301F-11D3-BF4B-00C04F79EFBC}") = "ASCII array", "ASCII array\ASCII array.csproj", "{7583A7C4-DD12-4041-8D76-96522595CC9D}"
EndProject
Global
	GlobalSection(SolutionConfigurationPlatforms) = preSolution
		Debug|Any CPU = Debug|Any CPU
		Release|Any CPU = Release|Any CPU
	EndGlobalSection
	GlobalSection(ProjectConfigurationPlatforms) = postSolution
		{7583A7C4-DD12-4041-8D76-96522595CC9D}.Debug|Any CPU.ActiveCfg = Debug|Any CPU
		{7583A7C4-DD12-4041-8D76-96522595CC9D}.Debug|Any CPU.Build.0 = Debug|Any CPU
		{7583A7C4-DD12-4041-8D76-96522595CC9D}.Release|Any CPU.ActiveCfg = Release|Any CPU
		{7583A7C4-DD12-4041-8D76-96522595CC9D}.Release|Any CPU.Build.0 = Release|Any CPU
	EndGlobalSection
	GlobalSection(SolutionProperties) = preSolution
		HideSolutionNode = FALSE
	EndGlobalSection
	GlobalSection(ExtensibilityGlobals) = postSolution
		SolutionGuid = {0C9DB248-FE97-49ED-803A-9811738CFF66}
	EndGlobalSection
EndGlobal
