
Microsoft Visual Studio Solution File, Format Version 12.00
# Visual Studio Version 16
VisualStudioVersion = 16.0.32126.315
MinimumVisualStudioVersion = 10.0.40219.1
Project("{FAE04EC0-301F-11D3-BF4B-00C04F79EFBC}") = "gets input from the user", "gets input from the user\gets input from the user.csproj", "{37B0A5EA-4AEB-4721-80D1-EE79A9507D13}"
EndProject
Global
	GlobalSection(SolutionConfigurationPlatforms) = preSolution
		Debug|Any CPU = Debug|Any CPU
		Release|Any CPU = Release|Any CPU
	EndGlobalSection
	GlobalSection(ProjectConfigurationPlatforms) = postSolution
		{37B0A5EA-4AEB-4721-80D1-EE79A9507D13}.Debug|Any CPU.ActiveCfg = Debug|Any CPU
		{37B0A5EA-4AEB-4721-80D1-EE79A9507D13}.Debug|Any CPU.Build.0 = Debug|Any CPU
		{37B0A5EA-4AEB-4721-80D1-EE79A9507D13}.Release|Any CPU.ActiveCfg = Release|Any CPU
		{37B0A5EA-4AEB-4721-80D1-EE79A9507D13}.Release|Any CPU.Build.0 = Release|Any CPU
	EndGlobalSection
	GlobalSection(SolutionProperties) = preSolution
		HideSolutionNode = FALSE
	EndGlobalSection
	GlobalSection(ExtensibilityGlobals) = postSolution
		SolutionGuid = {F68C5F16-DDD4-45FB-8B77-5A857099C579}
	EndGlobalSection
EndGlobal
