
Microsoft Visual Studio Solution File, Format Version 12.00
# Visual Studio Version 16
VisualStudioVersion = 16.0.31424.327
MinimumVisualStudioVersion = 10.0.40219.1
Project("{FAE04EC0-301F-11D3-BF4B-00C04F79EFBC}") = "creates 2D array", "creates 2D array\creates 2D array.csproj", "{F93BCAD1-EA94-4DE0-9C45-EDA677E8956D}"
EndProject
Global
	GlobalSection(SolutionConfigurationPlatforms) = preSolution
		Debug|Any CPU = Debug|Any CPU
		Release|Any CPU = Release|Any CPU
	EndGlobalSection
	GlobalSection(ProjectConfigurationPlatforms) = postSolution
		{F93BCAD1-EA94-4DE0-9C45-EDA677E8956D}.Debug|Any CPU.ActiveCfg = Debug|Any CPU
		{F93BCAD1-EA94-4DE0-9C45-EDA677E8956D}.Debug|Any CPU.Build.0 = Debug|Any CPU
		{F93BCAD1-EA94-4DE0-9C45-EDA677E8956D}.Release|Any CPU.ActiveCfg = Release|Any CPU
		{F93BCAD1-EA94-4DE0-9C45-EDA677E8956D}.Release|Any CPU.Build.0 = Release|Any CPU
	EndGlobalSection
	GlobalSection(SolutionProperties) = preSolution
		HideSolutionNode = FALSE
	EndGlobalSection
	GlobalSection(ExtensibilityGlobals) = postSolution
		SolutionGuid = {D6ED34A7-5354-4750-AEFC-7633AA573567}
	EndGlobalSection
EndGlobal
