
Microsoft Visual Studio Solution File, Format Version 12.00
# Visual Studio Version 16
VisualStudioVersion = 16.0.31424.327
MinimumVisualStudioVersion = 10.0.40219.1
Project("{FAE04EC0-301F-11D3-BF4B-00C04F79EFBC}") = "inventory problem", "inventory problem\inventory problem.csproj", "{F1246A0F-0801-4218-A3AC-BF74691BA35E}"
EndProject
Global
	GlobalSection(SolutionConfigurationPlatforms) = preSolution
		Debug|Any CPU = Debug|Any CPU
		Release|Any CPU = Release|Any CPU
	EndGlobalSection
	GlobalSection(ProjectConfigurationPlatforms) = postSolution
		{F1246A0F-0801-4218-A3AC-BF74691BA35E}.Debug|Any CPU.ActiveCfg = Debug|Any CPU
		{F1246A0F-0801-4218-A3AC-BF74691BA35E}.Debug|Any CPU.Build.0 = Debug|Any CPU
		{F1246A0F-0801-4218-A3AC-BF74691BA35E}.Release|Any CPU.ActiveCfg = Release|Any CPU
		{F1246A0F-0801-4218-A3AC-BF74691BA35E}.Release|Any CPU.Build.0 = Release|Any CPU
	EndGlobalSection
	GlobalSection(SolutionProperties) = preSolution
		HideSolutionNode = FALSE
	EndGlobalSection
	GlobalSection(ExtensibilityGlobals) = postSolution
		SolutionGuid = {B3D7756A-30B3-4D96-8117-7A6EF8597D82}
	EndGlobalSection
EndGlobal
