
Microsoft Visual Studio Solution File, Format Version 12.00
# Visual Studio Version 16
VisualStudioVersion = 16.0.31424.327
MinimumVisualStudioVersion = 10.0.40219.1
Project("{FAE04EC0-301F-11D3-BF4B-00C04F79EFBC}") = "dogs life problem", "dogs life problem\dogs life problem.csproj", "{84FD8847-117D-4DF8-B24E-90CE8ECEDC2A}"
EndProject
Global
	GlobalSection(SolutionConfigurationPlatforms) = preSolution
		Debug|Any CPU = Debug|Any CPU
		Release|Any CPU = Release|Any CPU
	EndGlobalSection
	GlobalSection(ProjectConfigurationPlatforms) = postSolution
		{84FD8847-117D-4DF8-B24E-90CE8ECEDC2A}.Debug|Any CPU.ActiveCfg = Debug|Any CPU
		{84FD8847-117D-4DF8-B24E-90CE8ECEDC2A}.Debug|Any CPU.Build.0 = Debug|Any CPU
		{84FD8847-117D-4DF8-B24E-90CE8ECEDC2A}.Release|Any CPU.ActiveCfg = Release|Any CPU
		{84FD8847-117D-4DF8-B24E-90CE8ECEDC2A}.Release|Any CPU.Build.0 = Release|Any CPU
	EndGlobalSection
	GlobalSection(SolutionProperties) = preSolution
		HideSolutionNode = FALSE
	EndGlobalSection
	GlobalSection(ExtensibilityGlobals) = postSolution
		SolutionGuid = {EB588068-712D-4C08-AC89-AF90CA90805F}
	EndGlobalSection
EndGlobal
